
Microsoft Visual Studio Solution File, Format Version 12.00
Project("{FAE04EC0-301F-11D3-BF4B-00C04F79EFBC}") = "GusMelfordBot.Api", "GusMelfordBot.Api\GusMelfordBot.Api.csproj", "{3D2F978E-225D-4E1C-B139-690F531C4DE0}"
EndProject
Project("{FAE04EC0-301F-11D3-BF4B-00C04F79EFBC}") = "GusMelfordBot.Infrastructure", "GusMelfordBot.Infrastructure\GusMelfordBot.Infrastructure.csproj", "{080027F1-0F5E-4DC0-98EE-E073E449C799}"
EndProject
Project("{FAE04EC0-301F-11D3-BF4B-00C04F79EFBC}") = "GusMelfordBot.Domain", "GusMelfordBot.Domain\GusMelfordBot.Domain.csproj", "{5B186686-8A92-47F8-B96C-BCBF663DDEE0}"
EndProject
Project("{2150E333-8FDC-42A3-9474-1A3956D46DE8}") = "Applications", "Applications", "{BEE7298B-24F2-4141-A120-D50B55284C24}"
EndProject
Project("{FAE04EC0-301F-11D3-BF4B-00C04F79EFBC}") = "ContentCollector.MicroService", "ContentCollector.MicroService\ContentCollector.MicroService.csproj", "{FAF77666-B14F-4AE4-A3C3-E2D80AABCEF4}"
EndProject
Project("{2150E333-8FDC-42A3-9474-1A3956D46DE8}") = "ContentCollector", "ContentCollector", "{8034EF3D-64C6-426A-B8A4-9456D9C4FE0D}"
EndProject
Project("{FAE04EC0-301F-11D3-BF4B-00C04F79EFBC}") = "GusMelfordBot.Extensions", "GusMelfordBot.Extensions\GusMelfordBot.Extensions.csproj", "{988F5C1A-3979-4986-80B5-4A2B46C73B3D}"
EndProject
Project("{FAE04EC0-301F-11D3-BF4B-00C04F79EFBC}") = "GusMelfordBot.SimpleKafka", "GusMelfordBot.SimpleKafka\GusMelfordBot.SimpleKafka.csproj", "{6DC80D55-D673-48C7-8CEF-C0CC547EA765}"
EndProject
Global
	GlobalSection(SolutionConfigurationPlatforms) = preSolution
		Debug|Any CPU = Debug|Any CPU
		Release|Any CPU = Release|Any CPU
	EndGlobalSection
	GlobalSection(ProjectConfigurationPlatforms) = postSolution
		{3D2F978E-225D-4E1C-B139-690F531C4DE0}.Debug|Any CPU.ActiveCfg = Debug|Any CPU
		{3D2F978E-225D-4E1C-B139-690F531C4DE0}.Debug|Any CPU.Build.0 = Debug|Any CPU
		{3D2F978E-225D-4E1C-B139-690F531C4DE0}.Release|Any CPU.ActiveCfg = Release|Any CPU
		{3D2F978E-225D-4E1C-B139-690F531C4DE0}.Release|Any CPU.Build.0 = Release|Any CPU
		{080027F1-0F5E-4DC0-98EE-E073E449C799}.Debug|Any CPU.ActiveCfg = Debug|Any CPU
		{080027F1-0F5E-4DC0-98EE-E073E449C799}.Debug|Any CPU.Build.0 = Debug|Any CPU
		{080027F1-0F5E-4DC0-98EE-E073E449C799}.Release|Any CPU.ActiveCfg = Release|Any CPU
		{080027F1-0F5E-4DC0-98EE-E073E449C799}.Release|Any CPU.Build.0 = Release|Any CPU
		{5B186686-8A92-47F8-B96C-BCBF663DDEE0}.Debug|Any CPU.ActiveCfg = Debug|Any CPU
		{5B186686-8A92-47F8-B96C-BCBF663DDEE0}.Debug|Any CPU.Build.0 = Debug|Any CPU
		{5B186686-8A92-47F8-B96C-BCBF663DDEE0}.Release|Any CPU.ActiveCfg = Release|Any CPU
		{5B186686-8A92-47F8-B96C-BCBF663DDEE0}.Release|Any CPU.Build.0 = Release|Any CPU
		{FAF77666-B14F-4AE4-A3C3-E2D80AABCEF4}.Debug|Any CPU.ActiveCfg = Debug|Any CPU
		{FAF77666-B14F-4AE4-A3C3-E2D80AABCEF4}.Debug|Any CPU.Build.0 = Debug|Any CPU
		{FAF77666-B14F-4AE4-A3C3-E2D80AABCEF4}.Release|Any CPU.ActiveCfg = Release|Any CPU
		{FAF77666-B14F-4AE4-A3C3-E2D80AABCEF4}.Release|Any CPU.Build.0 = Release|Any CPU
		{988F5C1A-3979-4986-80B5-4A2B46C73B3D}.Debug|Any CPU.ActiveCfg = Debug|Any CPU
		{988F5C1A-3979-4986-80B5-4A2B46C73B3D}.Debug|Any CPU.Build.0 = Debug|Any CPU
		{988F5C1A-3979-4986-80B5-4A2B46C73B3D}.Release|Any CPU.ActiveCfg = Release|Any CPU
		{988F5C1A-3979-4986-80B5-4A2B46C73B3D}.Release|Any CPU.Build.0 = Release|Any CPU
		{6DC80D55-D673-48C7-8CEF-C0CC547EA765}.Debug|Any CPU.ActiveCfg = Debug|Any CPU
		{6DC80D55-D673-48C7-8CEF-C0CC547EA765}.Debug|Any CPU.Build.0 = Debug|Any CPU
		{6DC80D55-D673-48C7-8CEF-C0CC547EA765}.Release|Any CPU.ActiveCfg = Release|Any CPU
		{6DC80D55-D673-48C7-8CEF-C0CC547EA765}.Release|Any CPU.Build.0 = Release|Any CPU
	EndGlobalSection
	GlobalSection(NestedProjects) = preSolution
		{8034EF3D-64C6-426A-B8A4-9456D9C4FE0D} = {BEE7298B-24F2-4141-A120-D50B55284C24}
		{FAF77666-B14F-4AE4-A3C3-E2D80AABCEF4} = {8034EF3D-64C6-426A-B8A4-9456D9C4FE0D}
	EndGlobalSection
EndGlobal
