
Microsoft Visual Studio Solution File, Format Version 12.00
Project("{FAE04EC0-301F-11D3-BF4B-00C04F79EFBC}") = "GusMelfordBot.Database", "GusMelfordBot.Database\GusMelfordBot.Database.csproj", "{939AD421-E1C9-44FA-8133-E415F5E1B293}"
EndProject
Project("{FAE04EC0-301F-11D3-BF4B-00C04F79EFBC}") = "GusMelfordBot.DAL", "GusMelfordBot.DAL\GusMelfordBot.DAL.csproj", "{7500D29C-C375-43CD-89BE-637CEF989F40}"
EndProject
Project("{2150E333-8FDC-42A3-9474-1A3956D46DE8}") = "GusMelfordBotInfrastructure", "GusMelfordBotInfrastructure", "{23BB8B00-696B-4000-9456-707C93C884D2}"
EndProject
Project("{FAE04EC0-301F-11D3-BF4B-00C04F79EFBC}") = "GusMelfordBot.Core.Domain", "GusMelfordBot.Core.Domain\GusMelfordBot.Core.Domain.csproj", "{5B823A85-E7EB-499D-8F6E-B48AA61F495C}"
EndProject
Project("{FAE04EC0-301F-11D3-BF4B-00C04F79EFBC}") = "GusMelfordBot.Core.Services", "GusMelfordBot.Core.Services\GusMelfordBot.Core.Services.csproj", "{1C8AB03C-25BB-4B11-BC16-198946FF6AEA}"
EndProject
Project("{FAE04EC0-301F-11D3-BF4B-00C04F79EFBC}") = "GusMelfordBot.Core.CustomExceptions", "GusMelfordBot.Core.CustomExceptions\GusMelfordBot.Core.CustomExceptions.csproj", "{619F82EC-3E08-4D38-8AA2-8779A1670786}"
EndProject
Project("{FAE04EC0-301F-11D3-BF4B-00C04F79EFBC}") = "GusMelfordBot.Core", "GusMelfordBot.Core\GusMelfordBot.Core.csproj", "{E99E03D3-5185-4415-A56B-0A0A3F1D76DF}"
EndProject
Project("{FAE04EC0-301F-11D3-BF4B-00C04F79EFBC}") = "GusMelfordBot.Core.Extensions", "GusMelfordBot.Core.Extensions\GusMelfordBot.Core.Extensions.csproj", "{A5ECEC2E-C362-4C11-9886-34674EFA2812}"
EndProject
Project("{2150E333-8FDC-42A3-9474-1A3956D46DE8}") = "Telegram.Bot.Api", "Telegram.Bot.Api", "{55161AEA-A964-4DF4-836A-A017D1D20AED}"
EndProject
Project("{FAE04EC0-301F-11D3-BF4B-00C04F79EFBC}") = "Bot.Api", "Bot.Api\Bot.Api.csproj", "{43BE9318-F2F0-45E0-9180-0F8795423AE3}"
EndProject
Project("{FAE04EC0-301F-11D3-BF4B-00C04F79EFBC}") = "Telegram.Api", "Telegram.Api\Telegram.Api.csproj", "{71D6072C-BDE7-40F5-B110-5089B3A2A630}"
EndProject
Project("{FAE04EC0-301F-11D3-BF4B-00C04F79EFBC}") = "Telegram.Dto", "Telegram.Dto\Telegram.Dto.csproj", "{5134592E-B028-47CF-9461-5E059C0D9CB7}"
EndProject
Project("{FAE04EC0-301F-11D3-BF4B-00C04F79EFBC}") = "Telegram.Bot.Core", "Telegram.Bot.Core\Telegram.Bot.Core.csproj", "{2FED531E-E7A8-4044-A65E-4380B196B31B}"
EndProject
Project("{FAE04EC0-301F-11D3-BF4B-00C04F79EFBC}") = "Telegram.Exceptions", "Telegram.Exceptions\Telegram.Exceptions.csproj", "{116DEFCE-4B2E-43E5-8A29-4B2449E8E7CD}"
EndProject
Global
	GlobalSection(SolutionConfigurationPlatforms) = preSolution
		Debug|Any CPU = Debug|Any CPU
		Release|Any CPU = Release|Any CPU
	EndGlobalSection
	GlobalSection(ProjectConfigurationPlatforms) = postSolution
		{939AD421-E1C9-44FA-8133-E415F5E1B293}.Debug|Any CPU.ActiveCfg = Debug|Any CPU
		{939AD421-E1C9-44FA-8133-E415F5E1B293}.Debug|Any CPU.Build.0 = Debug|Any CPU
		{939AD421-E1C9-44FA-8133-E415F5E1B293}.Release|Any CPU.ActiveCfg = Release|Any CPU
		{939AD421-E1C9-44FA-8133-E415F5E1B293}.Release|Any CPU.Build.0 = Release|Any CPU
		{7500D29C-C375-43CD-89BE-637CEF989F40}.Debug|Any CPU.ActiveCfg = Debug|Any CPU
		{7500D29C-C375-43CD-89BE-637CEF989F40}.Debug|Any CPU.Build.0 = Debug|Any CPU
		{7500D29C-C375-43CD-89BE-637CEF989F40}.Release|Any CPU.ActiveCfg = Release|Any CPU
		{7500D29C-C375-43CD-89BE-637CEF989F40}.Release|Any CPU.Build.0 = Release|Any CPU
		{5B823A85-E7EB-499D-8F6E-B48AA61F495C}.Debug|Any CPU.ActiveCfg = Debug|Any CPU
		{5B823A85-E7EB-499D-8F6E-B48AA61F495C}.Debug|Any CPU.Build.0 = Debug|Any CPU
		{5B823A85-E7EB-499D-8F6E-B48AA61F495C}.Release|Any CPU.ActiveCfg = Release|Any CPU
		{5B823A85-E7EB-499D-8F6E-B48AA61F495C}.Release|Any CPU.Build.0 = Release|Any CPU
		{1C8AB03C-25BB-4B11-BC16-198946FF6AEA}.Debug|Any CPU.ActiveCfg = Debug|Any CPU
		{1C8AB03C-25BB-4B11-BC16-198946FF6AEA}.Debug|Any CPU.Build.0 = Debug|Any CPU
		{1C8AB03C-25BB-4B11-BC16-198946FF6AEA}.Release|Any CPU.ActiveCfg = Release|Any CPU
		{1C8AB03C-25BB-4B11-BC16-198946FF6AEA}.Release|Any CPU.Build.0 = Release|Any CPU
		{619F82EC-3E08-4D38-8AA2-8779A1670786}.Debug|Any CPU.ActiveCfg = Debug|Any CPU
		{619F82EC-3E08-4D38-8AA2-8779A1670786}.Debug|Any CPU.Build.0 = Debug|Any CPU
		{619F82EC-3E08-4D38-8AA2-8779A1670786}.Release|Any CPU.ActiveCfg = Release|Any CPU
		{619F82EC-3E08-4D38-8AA2-8779A1670786}.Release|Any CPU.Build.0 = Release|Any CPU
		{E99E03D3-5185-4415-A56B-0A0A3F1D76DF}.Debug|Any CPU.ActiveCfg = Debug|Any CPU
		{E99E03D3-5185-4415-A56B-0A0A3F1D76DF}.Debug|Any CPU.Build.0 = Debug|Any CPU
		{E99E03D3-5185-4415-A56B-0A0A3F1D76DF}.Release|Any CPU.ActiveCfg = Release|Any CPU
		{E99E03D3-5185-4415-A56B-0A0A3F1D76DF}.Release|Any CPU.Build.0 = Release|Any CPU
		{A5ECEC2E-C362-4C11-9886-34674EFA2812}.Debug|Any CPU.ActiveCfg = Debug|Any CPU
		{A5ECEC2E-C362-4C11-9886-34674EFA2812}.Debug|Any CPU.Build.0 = Debug|Any CPU
		{A5ECEC2E-C362-4C11-9886-34674EFA2812}.Release|Any CPU.ActiveCfg = Release|Any CPU
		{A5ECEC2E-C362-4C11-9886-34674EFA2812}.Release|Any CPU.Build.0 = Release|Any CPU
		{43BE9318-F2F0-45E0-9180-0F8795423AE3}.Debug|Any CPU.ActiveCfg = Debug|Any CPU
		{43BE9318-F2F0-45E0-9180-0F8795423AE3}.Debug|Any CPU.Build.0 = Debug|Any CPU
		{43BE9318-F2F0-45E0-9180-0F8795423AE3}.Release|Any CPU.ActiveCfg = Release|Any CPU
		{43BE9318-F2F0-45E0-9180-0F8795423AE3}.Release|Any CPU.Build.0 = Release|Any CPU
		{71D6072C-BDE7-40F5-B110-5089B3A2A630}.Debug|Any CPU.ActiveCfg = Debug|Any CPU
		{71D6072C-BDE7-40F5-B110-5089B3A2A630}.Debug|Any CPU.Build.0 = Debug|Any CPU
		{71D6072C-BDE7-40F5-B110-5089B3A2A630}.Release|Any CPU.ActiveCfg = Release|Any CPU
		{71D6072C-BDE7-40F5-B110-5089B3A2A630}.Release|Any CPU.Build.0 = Release|Any CPU
		{5134592E-B028-47CF-9461-5E059C0D9CB7}.Debug|Any CPU.ActiveCfg = Debug|Any CPU
		{5134592E-B028-47CF-9461-5E059C0D9CB7}.Debug|Any CPU.Build.0 = Debug|Any CPU
		{5134592E-B028-47CF-9461-5E059C0D9CB7}.Release|Any CPU.ActiveCfg = Release|Any CPU
		{5134592E-B028-47CF-9461-5E059C0D9CB7}.Release|Any CPU.Build.0 = Release|Any CPU
		{2FED531E-E7A8-4044-A65E-4380B196B31B}.Debug|Any CPU.ActiveCfg = Debug|Any CPU
		{2FED531E-E7A8-4044-A65E-4380B196B31B}.Debug|Any CPU.Build.0 = Debug|Any CPU
		{2FED531E-E7A8-4044-A65E-4380B196B31B}.Release|Any CPU.ActiveCfg = Release|Any CPU
		{2FED531E-E7A8-4044-A65E-4380B196B31B}.Release|Any CPU.Build.0 = Release|Any CPU
		{116DEFCE-4B2E-43E5-8A29-4B2449E8E7CD}.Debug|Any CPU.ActiveCfg = Debug|Any CPU
		{116DEFCE-4B2E-43E5-8A29-4B2449E8E7CD}.Debug|Any CPU.Build.0 = Debug|Any CPU
		{116DEFCE-4B2E-43E5-8A29-4B2449E8E7CD}.Release|Any CPU.ActiveCfg = Release|Any CPU
		{116DEFCE-4B2E-43E5-8A29-4B2449E8E7CD}.Release|Any CPU.Build.0 = Release|Any CPU
	EndGlobalSection
	GlobalSection(NestedProjects) = preSolution
		{5B823A85-E7EB-499D-8F6E-B48AA61F495C} = {23BB8B00-696B-4000-9456-707C93C884D2}
		{1C8AB03C-25BB-4B11-BC16-198946FF6AEA} = {23BB8B00-696B-4000-9456-707C93C884D2}
		{619F82EC-3E08-4D38-8AA2-8779A1670786} = {23BB8B00-696B-4000-9456-707C93C884D2}
		{E99E03D3-5185-4415-A56B-0A0A3F1D76DF} = {23BB8B00-696B-4000-9456-707C93C884D2}
		{A5ECEC2E-C362-4C11-9886-34674EFA2812} = {23BB8B00-696B-4000-9456-707C93C884D2}
		{43BE9318-F2F0-45E0-9180-0F8795423AE3} = {55161AEA-A964-4DF4-836A-A017D1D20AED}
		{71D6072C-BDE7-40F5-B110-5089B3A2A630} = {55161AEA-A964-4DF4-836A-A017D1D20AED}
		{5134592E-B028-47CF-9461-5E059C0D9CB7} = {55161AEA-A964-4DF4-836A-A017D1D20AED}
		{2FED531E-E7A8-4044-A65E-4380B196B31B} = {55161AEA-A964-4DF4-836A-A017D1D20AED}
		{116DEFCE-4B2E-43E5-8A29-4B2449E8E7CD} = {55161AEA-A964-4DF4-836A-A017D1D20AED}
	EndGlobalSection
EndGlobal
