
Microsoft Visual Studio Solution File, Format Version 12.00
Project("{FAE04EC0-301F-11D3-BF4B-00C04F79EFBC}") = "GusMelford.Core.Api", "GusMelford.Core.Api\GusMelford.Core.Api.csproj", "{3D2F978E-225D-4E1C-B139-690F531C4DE0}"
EndProject
Project("{FAE04EC0-301F-11D3-BF4B-00C04F79EFBC}") = "GusMelford.Core.Infrastructure", "GusMelford.Core.Infrastructure\GusMelford.Core.Infrastructure.csproj", "{080027F1-0F5E-4DC0-98EE-E073E449C799}"
EndProject
Project("{FAE04EC0-301F-11D3-BF4B-00C04F79EFBC}") = "GusMelford.Core.Domain", "GusMelford.Core.Domain\GusMelford.Core.Domain.csproj", "{5B186686-8A92-47F8-B96C-BCBF663DDEE0}"
EndProject
Project("{2150E333-8FDC-42A3-9474-1A3956D46DE8}") = "Services", "Services", "{BEE7298B-24F2-4141-A120-D50B55284C24}"
EndProject
Project("{FAE04EC0-301F-11D3-BF4B-00C04F79EFBC}") = "GusMelford.Content", "GusMelford.Content\GusMelford.Content.csproj", "{FAF77666-B14F-4AE4-A3C3-E2D80AABCEF4}"
EndProject
Project("{FAE04EC0-301F-11D3-BF4B-00C04F79EFBC}") = "GusMelford.Extensions", "GusMelford.Extensions\GusMelford.Extensions.csproj", "{988F5C1A-3979-4986-80B5-4A2B46C73B3D}"
EndProject
Project("{FAE04EC0-301F-11D3-BF4B-00C04F79EFBC}") = "GusMelford.SimpleKafka", "GusMelford.SimpleKafka\GusMelford.SimpleKafka.csproj", "{6DC80D55-D673-48C7-8CEF-C0CC547EA765}"
EndProject
Project("{2150E333-8FDC-42A3-9474-1A3956D46DE8}") = "Core", "Core", "{8BA37EB6-E1BF-4017-9AFA-DFCFAF0D461C}"
EndProject
Project("{2150E333-8FDC-42A3-9474-1A3956D46DE8}") = "Libraries", "Libraries", "{82AA6377-3A6C-4E8E-8022-A0EFD61AA944}"
EndProject
Project("{FAE04EC0-301F-11D3-BF4B-00C04F79EFBC}") = "GusMelford.TelegramBot", "GusMelford.TelegramBot\GusMelford.TelegramBot.csproj", "{076C681F-121F-4CAA-B4D2-CC759403EC71}"
EndProject
Project("{2150E333-8FDC-42A3-9474-1A3956D46DE8}") = "Telegram", "Telegram", "{A7FC3835-A890-4AD3-B0B1-AF8E578E4DD3}"
EndProject
Project("{FAE04EC0-301F-11D3-BF4B-00C04F79EFBC}") = "GusMelford.TelegramBot.Domain", "GusMelford.TelegramBot.Domain\GusMelford.TelegramBot.Domain.csproj", "{9910683E-2FFF-4506-A34A-84CD5C6EB447}"
EndProject
Global
	GlobalSection(SolutionConfigurationPlatforms) = preSolution
		Debug|Any CPU = Debug|Any CPU
		Release|Any CPU = Release|Any CPU
	EndGlobalSection
	GlobalSection(ProjectConfigurationPlatforms) = postSolution
		{3D2F978E-225D-4E1C-B139-690F531C4DE0}.Debug|Any CPU.ActiveCfg = Debug|Any CPU
		{3D2F978E-225D-4E1C-B139-690F531C4DE0}.Debug|Any CPU.Build.0 = Debug|Any CPU
		{3D2F978E-225D-4E1C-B139-690F531C4DE0}.Release|Any CPU.ActiveCfg = Release|Any CPU
		{3D2F978E-225D-4E1C-B139-690F531C4DE0}.Release|Any CPU.Build.0 = Release|Any CPU
		{080027F1-0F5E-4DC0-98EE-E073E449C799}.Debug|Any CPU.ActiveCfg = Debug|Any CPU
		{080027F1-0F5E-4DC0-98EE-E073E449C799}.Debug|Any CPU.Build.0 = Debug|Any CPU
		{080027F1-0F5E-4DC0-98EE-E073E449C799}.Release|Any CPU.ActiveCfg = Release|Any CPU
		{080027F1-0F5E-4DC0-98EE-E073E449C799}.Release|Any CPU.Build.0 = Release|Any CPU
		{5B186686-8A92-47F8-B96C-BCBF663DDEE0}.Debug|Any CPU.ActiveCfg = Debug|Any CPU
		{5B186686-8A92-47F8-B96C-BCBF663DDEE0}.Debug|Any CPU.Build.0 = Debug|Any CPU
		{5B186686-8A92-47F8-B96C-BCBF663DDEE0}.Release|Any CPU.ActiveCfg = Release|Any CPU
		{5B186686-8A92-47F8-B96C-BCBF663DDEE0}.Release|Any CPU.Build.0 = Release|Any CPU
		{FAF77666-B14F-4AE4-A3C3-E2D80AABCEF4}.Debug|Any CPU.ActiveCfg = Debug|Any CPU
		{FAF77666-B14F-4AE4-A3C3-E2D80AABCEF4}.Debug|Any CPU.Build.0 = Debug|Any CPU
		{FAF77666-B14F-4AE4-A3C3-E2D80AABCEF4}.Release|Any CPU.ActiveCfg = Release|Any CPU
		{FAF77666-B14F-4AE4-A3C3-E2D80AABCEF4}.Release|Any CPU.Build.0 = Release|Any CPU
		{988F5C1A-3979-4986-80B5-4A2B46C73B3D}.Debug|Any CPU.ActiveCfg = Debug|Any CPU
		{988F5C1A-3979-4986-80B5-4A2B46C73B3D}.Debug|Any CPU.Build.0 = Debug|Any CPU
		{988F5C1A-3979-4986-80B5-4A2B46C73B3D}.Release|Any CPU.ActiveCfg = Release|Any CPU
		{988F5C1A-3979-4986-80B5-4A2B46C73B3D}.Release|Any CPU.Build.0 = Release|Any CPU
		{6DC80D55-D673-48C7-8CEF-C0CC547EA765}.Debug|Any CPU.ActiveCfg = Debug|Any CPU
		{6DC80D55-D673-48C7-8CEF-C0CC547EA765}.Debug|Any CPU.Build.0 = Debug|Any CPU
		{6DC80D55-D673-48C7-8CEF-C0CC547EA765}.Release|Any CPU.ActiveCfg = Release|Any CPU
		{6DC80D55-D673-48C7-8CEF-C0CC547EA765}.Release|Any CPU.Build.0 = Release|Any CPU
		{076C681F-121F-4CAA-B4D2-CC759403EC71}.Debug|Any CPU.ActiveCfg = Debug|Any CPU
		{076C681F-121F-4CAA-B4D2-CC759403EC71}.Debug|Any CPU.Build.0 = Debug|Any CPU
		{076C681F-121F-4CAA-B4D2-CC759403EC71}.Release|Any CPU.ActiveCfg = Release|Any CPU
		{076C681F-121F-4CAA-B4D2-CC759403EC71}.Release|Any CPU.Build.0 = Release|Any CPU
		{9910683E-2FFF-4506-A34A-84CD5C6EB447}.Debug|Any CPU.ActiveCfg = Debug|Any CPU
		{9910683E-2FFF-4506-A34A-84CD5C6EB447}.Debug|Any CPU.Build.0 = Debug|Any CPU
		{9910683E-2FFF-4506-A34A-84CD5C6EB447}.Release|Any CPU.ActiveCfg = Release|Any CPU
		{9910683E-2FFF-4506-A34A-84CD5C6EB447}.Release|Any CPU.Build.0 = Release|Any CPU
	EndGlobalSection
	GlobalSection(NestedProjects) = preSolution
		{FAF77666-B14F-4AE4-A3C3-E2D80AABCEF4} = {BEE7298B-24F2-4141-A120-D50B55284C24}
		{8BA37EB6-E1BF-4017-9AFA-DFCFAF0D461C} = {BEE7298B-24F2-4141-A120-D50B55284C24}
		{3D2F978E-225D-4E1C-B139-690F531C4DE0} = {8BA37EB6-E1BF-4017-9AFA-DFCFAF0D461C}
		{5B186686-8A92-47F8-B96C-BCBF663DDEE0} = {8BA37EB6-E1BF-4017-9AFA-DFCFAF0D461C}
		{080027F1-0F5E-4DC0-98EE-E073E449C799} = {8BA37EB6-E1BF-4017-9AFA-DFCFAF0D461C}
		{988F5C1A-3979-4986-80B5-4A2B46C73B3D} = {82AA6377-3A6C-4E8E-8022-A0EFD61AA944}
		{6DC80D55-D673-48C7-8CEF-C0CC547EA765} = {82AA6377-3A6C-4E8E-8022-A0EFD61AA944}
		{A7FC3835-A890-4AD3-B0B1-AF8E578E4DD3} = {BEE7298B-24F2-4141-A120-D50B55284C24}
		{076C681F-121F-4CAA-B4D2-CC759403EC71} = {A7FC3835-A890-4AD3-B0B1-AF8E578E4DD3}
		{9910683E-2FFF-4506-A34A-84CD5C6EB447} = {A7FC3835-A890-4AD3-B0B1-AF8E578E4DD3}
	EndGlobalSection
EndGlobal
